
Microsoft Visual Studio Solution File, Format Version 12.00
# Visual Studio Version 17
VisualStudioVersion = 17.9.34701.34
MinimumVisualStudioVersion = 10.0.40219.1
Project("{FAE04EC0-301F-11D3-BF4B-00C04F79EFBC}") = "PruebaTecnicaBackend", "PruebaTecnicaBackend\PruebaTecnicaBackend.csproj", "{18C11503-41DB-4AF9-803F-4260F90DF801}"
EndProject
Global
	GlobalSection(SolutionConfigurationPlatforms) = preSolution
		Debug|Any CPU = Debug|Any CPU
		Release|Any CPU = Release|Any CPU
	EndGlobalSection
	GlobalSection(ProjectConfigurationPlatforms) = postSolution
		{18C11503-41DB-4AF9-803F-4260F90DF801}.Debug|Any CPU.ActiveCfg = Debug|Any CPU
		{18C11503-41DB-4AF9-803F-4260F90DF801}.Debug|Any CPU.Build.0 = Debug|Any CPU
		{18C11503-41DB-4AF9-803F-4260F90DF801}.Release|Any CPU.ActiveCfg = Release|Any CPU
		{18C11503-41DB-4AF9-803F-4260F90DF801}.Release|Any CPU.Build.0 = Release|Any CPU
	EndGlobalSection
	GlobalSection(SolutionProperties) = preSolution
		HideSolutionNode = FALSE
	EndGlobalSection
	GlobalSection(ExtensibilityGlobals) = postSolution
		SolutionGuid = {90EF5DB2-69B2-46DD-9DD1-12735F7BB667}
	EndGlobalSection
EndGlobal
